// !$*UTF8*$!
{
	archiveVersion = 1;
	classes = {
	};
	objectVersion = 48;
	objects = {

/* Begin PBXBuildFile section */
		EE82E15920109447003CC498 /* AppDelegate.swift in Sources */ = {isa = PBXBuildFile; fileRef = EE82E15820109447003CC498 /* AppDelegate.swift */; };
		EE82E15B20109447003CC498 /* DocumentBrowserViewController.swift in Sources */ = {isa = PBXBuildFile; fileRef = EE82E15A20109447003CC498 /* DocumentBrowserViewController.swift */; };
		EE82E16220109447003CC498 /* Main.storyboard in Resources */ = {isa = PBXBuildFile; fileRef = EE82E16020109447003CC498 /* Main.storyboard */; };
		EE82E16420109447003CC498 /* Assets.xcassets in Resources */ = {isa = PBXBuildFile; fileRef = EE82E16320109447003CC498 /* Assets.xcassets */; };
		EE82E16720109447003CC498 /* LaunchScreen.storyboard in Resources */ = {isa = PBXBuildFile; fileRef = EE82E16520109447003CC498 /* LaunchScreen.storyboard */; };
		EE82E173201097B1003CC498 /* ImageGalleryCollectionViewController.swift in Sources */ = {isa = PBXBuildFile; fileRef = EE82E16F201097B1003CC498 /* ImageGalleryCollectionViewController.swift */; };
		EE82E174201097B1003CC498 /* ImageCollectionViewCell.swift in Sources */ = {isa = PBXBuildFile; fileRef = EE82E170201097B1003CC498 /* ImageCollectionViewCell.swift */; };
		EE82E175201097B1003CC498 /* TrashBarButtonItem.swift in Sources */ = {isa = PBXBuildFile; fileRef = EE82E171201097B1003CC498 /* TrashBarButtonItem.swift */; };
		EE82E176201097B1003CC498 /* ImageDetailViewController.swift in Sources */ = {isa = PBXBuildFile; fileRef = EE82E172201097B1003CC498 /* ImageDetailViewController.swift */; };
		EE82E17C201097D6003CC498 /* ImageGallery.swift in Sources */ = {isa = PBXBuildFile; fileRef = EE82E17A201097D6003CC498 /* ImageGallery.swift */; };
		EE82E17E20109844003CC498 /* Utilities.swift in Sources */ = {isa = PBXBuildFile; fileRef = EE82E17D20109844003CC498 /* Utilities.swift */; };
		EE82E18020109970003CC498 /* ImageGalleryDocument.swift in Sources */ = {isa = PBXBuildFile; fileRef = EE82E17F20109970003CC498 /* ImageGalleryDocument.swift */; };
/* End PBXBuildFile section */

/* Begin PBXFileReference section */
		EE82E15520109447003CC498 /* Persistent Image Gallery.app */ = {isa = PBXFileReference; explicitFileType = wrapper.application; includeInIndex = 0; path = "Persistent Image Gallery.app"; sourceTree = BUILT_PRODUCTS_DIR; };
		EE82E15820109447003CC498 /* AppDelegate.swift */ = {isa = PBXFileReference; lastKnownFileType = sourcecode.swift; path = AppDelegate.swift; sourceTree = "<group>"; };
		EE82E15A20109447003CC498 /* DocumentBrowserViewController.swift */ = {isa = PBXFileReference; lastKnownFileType = sourcecode.swift; path = DocumentBrowserViewController.swift; sourceTree = "<group>"; };
		EE82E16120109447003CC498 /* Base */ = {isa = PBXFileReference; lastKnownFileType = file.storyboard; name = Base; path = Base.lproj/Main.storyboard; sourceTree = "<group>"; };
		EE82E16320109447003CC498 /* Assets.xcassets */ = {isa = PBXFileReference; lastKnownFileType = folder.assetcatalog; path = Assets.xcassets; sourceTree = "<group>"; };
		EE82E16620109447003CC498 /* Base */ = {isa = PBXFileReference; lastKnownFileType = file.storyboard; name = Base; path = Base.lproj/LaunchScreen.storyboard; sourceTree = "<group>"; };
		EE82E16820109447003CC498 /* Info.plist */ = {isa = PBXFileReference; lastKnownFileType = text.plist.xml; path = Info.plist; sourceTree = "<group>"; };
		EE82E16F201097B1003CC498 /* ImageGalleryCollectionViewController.swift */ = {isa = PBXFileReference; fileEncoding = 4; lastKnownFileType = sourcecode.swift; path = ImageGalleryCollectionViewController.swift; sourceTree = "<group>"; };
		EE82E170201097B1003CC498 /* ImageCollectionViewCell.swift */ = {isa = PBXFileReference; fileEncoding = 4; lastKnownFileType = sourcecode.swift; path = ImageCollectionViewCell.swift; sourceTree = "<group>"; };
		EE82E171201097B1003CC498 /* TrashBarButtonItem.swift */ = {isa = PBXFileReference; fileEncoding = 4; lastKnownFileType = sourcecode.swift; path = TrashBarButtonItem.swift; sourceTree = "<group>"; };
		EE82E172201097B1003CC498 /* ImageDetailViewController.swift */ = {isa = PBXFileReference; fileEncoding = 4; lastKnownFileType = sourcecode.swift; path = ImageDetailViewController.swift; sourceTree = "<group>"; };
		EE82E17A201097D6003CC498 /* ImageGallery.swift */ = {isa = PBXFileReference; fileEncoding = 4; lastKnownFileType = sourcecode.swift; path = ImageGallery.swift; sourceTree = "<group>"; };
		EE82E17D20109844003CC498 /* Utilities.swift */ = {isa = PBXFileReference; fileEncoding = 4; lastKnownFileType = sourcecode.swift; path = Utilities.swift; sourceTree = "<group>"; };
		EE82E17F20109970003CC498 /* ImageGalleryDocument.swift */ = {isa = PBXFileReference; lastKnownFileType = sourcecode.swift; path = ImageGalleryDocument.swift; sourceTree = "<group>"; };
/* End PBXFileReference section */

/* Begin PBXFrameworksBuildPhase section */
		EE82E15220109447003CC498 /* Frameworks */ = {
			isa = PBXFrameworksBuildPhase;
			buildActionMask = 2147483647;
			files = (
			);
			runOnlyForDeploymentPostprocessing = 0;
		};
/* End PBXFrameworksBuildPhase section */

/* Begin PBXGroup section */
		EE82E14C20109446003CC498 = {
			isa = PBXGroup;
			children = (
				EE82E15720109447003CC498 /* Persistent Image Gallery */,
				EE82E15620109447003CC498 /* Products */,
			);
			sourceTree = "<group>";
		};
		EE82E15620109447003CC498 /* Products */ = {
			isa = PBXGroup;
			children = (
				EE82E15520109447003CC498 /* Persistent Image Gallery.app */,
			);
			name = Products;
			sourceTree = "<group>";
		};
		EE82E15720109447003CC498 /* Persistent Image Gallery */ = {
			isa = PBXGroup;
			children = (
				EE82E16020109447003CC498 /* Main.storyboard */,
				EE82E15A20109447003CC498 /* DocumentBrowserViewController.swift */,
				EE82E16F201097B1003CC498 /* ImageGalleryCollectionViewController.swift */,
				EE82E172201097B1003CC498 /* ImageDetailViewController.swift */,
				EE82E18520109A53003CC498 /* View */,
				EE82E18420109A30003CC498 /* Model */,
				EE82E16E20109457003CC498 /* Supporting Files */,
				EE82E16820109447003CC498 /* Info.plist */,
			);
			path = "Persistent Image Gallery";
			sourceTree = "<group>";
		};
		EE82E16E20109457003CC498 /* Supporting Files */ = {
			isa = PBXGroup;
			children = (
				EE82E17D20109844003CC498 /* Utilities.swift */,
				EE82E15820109447003CC498 /* AppDelegate.swift */,
				EE82E16320109447003CC498 /* Assets.xcassets */,
				EE82E16520109447003CC498 /* LaunchScreen.storyboard */,
			);
			path = "Supporting Files";
			sourceTree = "<group>";
		};
		EE82E18420109A30003CC498 /* Model */ = {
			isa = PBXGroup;
			children = (
				EE82E17A201097D6003CC498 /* ImageGallery.swift */,
				EE82E17F20109970003CC498 /* ImageGalleryDocument.swift */,
			);
			path = Model;
			sourceTree = "<group>";
		};
		EE82E18520109A53003CC498 /* View */ = {
			isa = PBXGroup;
			children = (
				EE82E170201097B1003CC498 /* ImageCollectionViewCell.swift */,
				EE82E171201097B1003CC498 /* TrashBarButtonItem.swift */,
			);
			path = View;
			sourceTree = "<group>";
		};
/* End PBXGroup section */

/* Begin PBXNativeTarget section */
		EE82E15420109447003CC498 /* Persistent Image Gallery */ = {
			isa = PBXNativeTarget;
			buildConfigurationList = EE82E16B20109447003CC498 /* Build configuration list for PBXNativeTarget "Persistent Image Gallery" */;
			buildPhases = (
				EE82E15120109447003CC498 /* Sources */,
				EE82E15220109447003CC498 /* Frameworks */,
				EE82E15320109447003CC498 /* Resources */,
			);
			buildRules = (
			);
			dependencies = (
			);
			name = "Persistent Image Gallery";
			productName = "Persistent Image Gallery";
			productReference = EE82E15520109447003CC498 /* Persistent Image Gallery.app */;
			productType = "com.apple.product-type.application";
		};
/* End PBXNativeTarget section */

/* Begin PBXProject section */
		EE82E14D20109446003CC498 /* Project object */ = {
			isa = PBXProject;
			attributes = {
				LastSwiftUpdateCheck = 0920;
				LastUpgradeCheck = 0920;
				ORGANIZATIONNAME = KangKang;
				TargetAttributes = {
					EE82E15420109447003CC498 = {
						CreatedOnToolsVersion = 9.2;
						ProvisioningStyle = Automatic;
					};
				};
			};
			buildConfigurationList = EE82E15020109447003CC498 /* Build configuration list for PBXProject "Persistent Image Gallery" */;
			compatibilityVersion = "Xcode 8.0";
			developmentRegion = en;
			hasScannedForEncodings = 0;
			knownRegions = (
				en,
				Base,
			);
			mainGroup = EE82E14C20109446003CC498;
			productRefGroup = EE82E15620109447003CC498 /* Products */;
			projectDirPath = "";
			projectRoot = "";
			targets = (
				EE82E15420109447003CC498 /* Persistent Image Gallery */,
			);
		};
/* End PBXProject section */

/* Begin PBXResourcesBuildPhase section */
		EE82E15320109447003CC498 /* Resources */ = {
			isa = PBXResourcesBuildPhase;
			buildActionMask = 2147483647;
			files = (
				EE82E16720109447003CC498 /* LaunchScreen.storyboard in Resources */,
				EE82E16420109447003CC498 /* Assets.xcassets in Resources */,
				EE82E16220109447003CC498 /* Main.storyboard in Resources */,
			);
			runOnlyForDeploymentPostprocessing = 0;
		};
/* End PBXResourcesBuildPhase section */

/* Begin PBXSourcesBuildPhase section */
		EE82E15120109447003CC498 /* Sources */ = {
			isa = PBXSourcesBuildPhase;
			buildActionMask = 2147483647;
			files = (
				EE82E17C201097D6003CC498 /* ImageGallery.swift in Sources */,
				EE82E174201097B1003CC498 /* ImageCollectionViewCell.swift in Sources */,
				EE82E176201097B1003CC498 /* ImageDetailViewController.swift in Sources */,
				EE82E15B20109447003CC498 /* DocumentBrowserViewController.swift in Sources */,
				EE82E175201097B1003CC498 /* TrashBarButtonItem.swift in Sources */,
				EE82E15920109447003CC498 /* AppDelegate.swift in Sources */,
				EE82E18020109970003CC498 /* ImageGalleryDocument.swift in Sources */,
				EE82E17E20109844003CC498 /* Utilities.swift in Sources */,
				EE82E173201097B1003CC498 /* ImageGalleryCollectionViewController.swift in Sources */,
			);
			runOnlyForDeploymentPostprocessing = 0;
		};
/* End PBXSourcesBuildPhase section */

/* Begin PBXVariantGroup section */
		EE82E16020109447003CC498 /* Main.storyboard */ = {
			isa = PBXVariantGroup;
			children = (
				EE82E16120109447003CC498 /* Base */,
			);
			name = Main.storyboard;
			sourceTree = "<group>";
		};
		EE82E16520109447003CC498 /* LaunchScreen.storyboard */ = {
			isa = PBXVariantGroup;
			children = (
				EE82E16620109447003CC498 /* Base */,
			);
			name = LaunchScreen.storyboard;
			sourceTree = "<group>";
		};
/* End PBXVariantGroup section */

/* Begin XCBuildConfiguration section */
		EE82E16920109447003CC498 /* Debug */ = {
			isa = XCBuildConfiguration;
			buildSettings = {
				ALWAYS_SEARCH_USER_PATHS = NO;
				CLANG_ANALYZER_NONNULL = YES;
				CLANG_ANALYZER_NUMBER_OBJECT_CONVERSION = YES_AGGRESSIVE;
				CLANG_CXX_LANGUAGE_STANDARD = "gnu++14";
				CLANG_CXX_LIBRARY = "libc++";
				CLANG_ENABLE_MODULES = YES;
				CLANG_ENABLE_OBJC_ARC = YES;
				CLANG_WARN_BLOCK_CAPTURE_AUTORELEASING = YES;
				CLANG_WARN_BOOL_CONVERSION = YES;
				CLANG_WARN_COMMA = YES;
				CLANG_WARN_CONSTANT_CONVERSION = YES;
				CLANG_WARN_DIRECT_OBJC_ISA_USAGE = YES_ERROR;
				CLANG_WARN_DOCUMENTATION_COMMENTS = YES;
				CLANG_WARN_EMPTY_BODY = YES;
				CLANG_WARN_ENUM_CONVERSION = YES;
				CLANG_WARN_INFINITE_RECURSION = YES;
				CLANG_WARN_INT_CONVERSION = YES;
				CLANG_WARN_NON_LITERAL_NULL_CONVERSION = YES;
				CLANG_WARN_OBJC_LITERAL_CONVERSION = YES;
				CLANG_WARN_OBJC_ROOT_CLASS = YES_ERROR;
				CLANG_WARN_RANGE_LOOP_ANALYSIS = YES;
				CLANG_WARN_STRICT_PROTOTYPES = YES;
				CLANG_WARN_SUSPICIOUS_MOVE = YES;
				CLANG_WARN_UNGUARDED_AVAILABILITY = YES_AGGRESSIVE;
				CLANG_WARN_UNREACHABLE_CODE = YES;
				CLANG_WARN__DUPLICATE_METHOD_MATCH = YES;
				CODE_SIGN_IDENTITY = "iPhone Developer";
				COPY_PHASE_STRIP = NO;
				DEBUG_INFORMATION_FORMAT = dwarf;
				ENABLE_STRICT_OBJC_MSGSEND = YES;
				ENABLE_TESTABILITY = YES;
				GCC_C_LANGUAGE_STANDARD = gnu11;
				GCC_DYNAMIC_NO_PIC = NO;
				GCC_NO_COMMON_BLOCKS = YES;
				GCC_OPTIMIZATION_LEVEL = 0;
				GCC_PREPROCESSOR_DEFINITIONS = (
					"DEBUG=1",
					"$(inherited)",
				);
				GCC_WARN_64_TO_32_BIT_CONVERSION = YES;
				GCC_WARN_ABOUT_RETURN_TYPE = YES_ERROR;
				GCC_WARN_UNDECLARED_SELECTOR = YES;
				GCC_WARN_UNINITIALIZED_AUTOS = YES_AGGRESSIVE;
				GCC_WARN_UNUSED_FUNCTION = YES;
				GCC_WARN_UNUSED_VARIABLE = YES;
				IPHONEOS_DEPLOYMENT_TARGET = 11.2;
				MTL_ENABLE_DEBUG_INFO = YES;
				ONLY_ACTIVE_ARCH = YES;
				SDKROOT = iphoneos;
				SWIFT_ACTIVE_COMPILATION_CONDITIONS = DEBUG;
				SWIFT_OPTIMIZATION_LEVEL = "-Onone";
			};
			name = Debug;
		};
		EE82E16A20109447003CC498 /* Release */ = {
			isa = XCBuildConfiguration;
			buildSettings = {
				ALWAYS_SEARCH_USER_PATHS = NO;
				CLANG_ANALYZER_NONNULL = YES;
				CLANG_ANALYZER_NUMBER_OBJECT_CONVERSION = YES_AGGRESSIVE;
				CLANG_CXX_LANGUAGE_STANDARD = "gnu++14";
				CLANG_CXX_LIBRARY = "libc++";
				CLANG_ENABLE_MODULES = YES;
				CLANG_ENABLE_OBJC_ARC = YES;
				CLANG_WARN_BLOCK_CAPTURE_AUTORELEASING = YES;
				CLANG_WARN_BOOL_CONVERSION = YES;
				CLANG_WARN_COMMA = YES;
				CLANG_WARN_CONSTANT_CONVERSION = YES;
				CLANG_WARN_DIRECT_OBJC_ISA_USAGE = YES_ERROR;
				CLANG_WARN_DOCUMENTATION_COMMENTS = YES;
				CLANG_WARN_EMPTY_BODY = YES;
				CLANG_WARN_ENUM_CONVERSION = YES;
				CLANG_WARN_INFINITE_RECURSION = YES;
				CLANG_WARN_INT_CONVERSION = YES;
				CLANG_WARN_NON_LITERAL_NULL_CONVERSION = YES;
				CLANG_WARN_OBJC_LITERAL_CONVERSION = YES;
				CLANG_WARN_OBJC_ROOT_CLASS = YES_ERROR;
				CLANG_WARN_RANGE_LOOP_ANALYSIS = YES;
				CLANG_WARN_STRICT_PROTOTYPES = YES;
				CLANG_WARN_SUSPICIOUS_MOVE = YES;
				CLANG_WARN_UNGUARDED_AVAILABILITY = YES_AGGRESSIVE;
				CLANG_WARN_UNREACHABLE_CODE = YES;
				CLANG_WARN__DUPLICATE_METHOD_MATCH = YES;
				CODE_SIGN_IDENTITY = "iPhone Developer";
				COPY_PHASE_STRIP = NO;
				DEBUG_INFORMATION_FORMAT = "dwarf-with-dsym";
				ENABLE_NS_ASSERTIONS = NO;
				ENABLE_STRICT_OBJC_MSGSEND = YES;
				GCC_C_LANGUAGE_STANDARD = gnu11;
				GCC_NO_COMMON_BLOCKS = YES;
				GCC_WARN_64_TO_32_BIT_CONVERSION = YES;
				GCC_WARN_ABOUT_RETURN_TYPE = YES_ERROR;
				GCC_WARN_UNDECLARED_SELECTOR = YES;
				GCC_WARN_UNINITIALIZED_AUTOS = YES_AGGRESSIVE;
				GCC_WARN_UNUSED_FUNCTION = YES;
				GCC_WARN_UNUSED_VARIABLE = YES;
				IPHONEOS_DEPLOYMENT_TARGET = 11.2;
				MTL_ENABLE_DEBUG_INFO = NO;
				SDKROOT = iphoneos;
				SWIFT_OPTIMIZATION_LEVEL = "-Owholemodule";
				VALIDATE_PRODUCT = YES;
			};
			name = Release;
		};
		EE82E16C20109447003CC498 /* Debug */ = {
			isa = XCBuildConfiguration;
			buildSettings = {
				ASSETCATALOG_COMPILER_APPICON_NAME = AppIcon;
				CODE_SIGN_STYLE = Automatic;
				DEVELOPMENT_TEAM = UX9BD44N87;
				INFOPLIST_FILE = "Persistent Image Gallery/Info.plist";
				LD_RUNPATH_SEARCH_PATHS = "$(inherited) @executable_path/Frameworks";
				PRODUCT_BUNDLE_IDENTIFIER = "com.rederry.Persistent-Image-Gallery";
				PRODUCT_NAME = "$(TARGET_NAME)";
				SWIFT_VERSION = 4.0;
				TARGETED_DEVICE_FAMILY = "1,2";
			};
			name = Debug;
		};
		EE82E16D20109447003CC498 /* Release */ = {
			isa = XCBuildConfiguration;
			buildSettings = {
				ASSETCATALOG_COMPILER_APPICON_NAME = AppIcon;
				CODE_SIGN_STYLE = Automatic;
				DEVELOPMENT_TEAM = UX9BD44N87;
				INFOPLIST_FILE = "Persistent Image Gallery/Info.plist";
				LD_RUNPATH_SEARCH_PATHS = "$(inherited) @executable_path/Frameworks";
				PRODUCT_BUNDLE_IDENTIFIER = "com.rederry.Persistent-Image-Gallery";
				PRODUCT_NAME = "$(TARGET_NAME)";
				SWIFT_VERSION = 4.0;
				TARGETED_DEVICE_FAMILY = "1,2";
			};
			name = Release;
		};
/* End XCBuildConfiguration section */

/* Begin XCConfigurationList section */
		EE82E15020109447003CC498 /* Build configuration list for PBXProject "Persistent Image Gallery" */ = {
			isa = XCConfigurationList;
			buildConfigurations = (
				EE82E16920109447003CC498 /* Debug */,
				EE82E16A20109447003CC498 /* Release */,
			);
			defaultConfigurationIsVisible = 0;
			defaultConfigurationName = Release;
		};
		EE82E16B20109447003CC498 /* Build configuration list for PBXNativeTarget "Persistent Image Gallery" */ = {
			isa = XCConfigurationList;
			buildConfigurations = (
				EE82E16C20109447003CC498 /* Debug */,
				EE82E16D20109447003CC498 /* Release */,
			);
			defaultConfigurationIsVisible = 0;
			defaultConfigurationName = Release;
		};
/* End XCConfigurationList section */
	};
	rootObject = EE82E14D20109446003CC498 /* Project object */;
}
